
Microsoft Visual Studio Solution File, Format Version 12.00
# Visual Studio 15
VisualStudioVersion = 15.0.28307.271
MinimumVisualStudioVersion = 10.0.40219.1
Project("{FAE04EC0-301F-11D3-BF4B-00C04F79EFBC}") = "IMarket.UI", "IMarket\IMarket.UI.csproj", "{C4FCAC5B-38A6-4F39-919D-BDBBBB21F8AB}"
EndProject
Project("{FAE04EC0-301F-11D3-BF4B-00C04F79EFBC}") = "IMarket.BusinessLogic", "IMarket.BusinessLogic\IMarket.BusinessLogic.csproj", "{D5A1FFDF-FED1-4167-A199-43622D468307}"
EndProject
Project("{FAE04EC0-301F-11D3-BF4B-00C04F79EFBC}") = "IMarket.Models", "IMarket.Models\IMarket.Models.csproj", "{46981B99-8B51-4BA4-9CD9-FA34742D5F66}"
EndProject
Project("{FAE04EC0-301F-11D3-BF4B-00C04F79EFBC}") = "IMarket.DAL", "IMarket.DAL\IMarket.DAL.csproj", "{01B3B2AC-B49E-481D-913B-8455A5937C1E}"
EndProject
Project("{FAE04EC0-301F-11D3-BF4B-00C04F79EFBC}") = "TestRandomizer", "TestRandomizer\TestRandomizer.csproj", "{6351FEE5-D5F1-4955-93DE-8A070721A45B}"
EndProject
Global
	GlobalSection(SolutionConfigurationPlatforms) = preSolution
		Debug|Any CPU = Debug|Any CPU
		Release|Any CPU = Release|Any CPU
	EndGlobalSection
	GlobalSection(ProjectConfigurationPlatforms) = postSolution
		{C4FCAC5B-38A6-4F39-919D-BDBBBB21F8AB}.Debug|Any CPU.ActiveCfg = Debug|Any CPU
		{C4FCAC5B-38A6-4F39-919D-BDBBBB21F8AB}.Debug|Any CPU.Build.0 = Debug|Any CPU
		{C4FCAC5B-38A6-4F39-919D-BDBBBB21F8AB}.Release|Any CPU.ActiveCfg = Release|Any CPU
		{C4FCAC5B-38A6-4F39-919D-BDBBBB21F8AB}.Release|Any CPU.Build.0 = Release|Any CPU
		{D5A1FFDF-FED1-4167-A199-43622D468307}.Debug|Any CPU.ActiveCfg = Debug|Any CPU
		{D5A1FFDF-FED1-4167-A199-43622D468307}.Debug|Any CPU.Build.0 = Debug|Any CPU
		{D5A1FFDF-FED1-4167-A199-43622D468307}.Release|Any CPU.ActiveCfg = Release|Any CPU
		{D5A1FFDF-FED1-4167-A199-43622D468307}.Release|Any CPU.Build.0 = Release|Any CPU
		{46981B99-8B51-4BA4-9CD9-FA34742D5F66}.Debug|Any CPU.ActiveCfg = Debug|Any CPU
		{46981B99-8B51-4BA4-9CD9-FA34742D5F66}.Debug|Any CPU.Build.0 = Debug|Any CPU
		{46981B99-8B51-4BA4-9CD9-FA34742D5F66}.Release|Any CPU.ActiveCfg = Release|Any CPU
		{46981B99-8B51-4BA4-9CD9-FA34742D5F66}.Release|Any CPU.Build.0 = Release|Any CPU
		{01B3B2AC-B49E-481D-913B-8455A5937C1E}.Debug|Any CPU.ActiveCfg = Debug|Any CPU
		{01B3B2AC-B49E-481D-913B-8455A5937C1E}.Debug|Any CPU.Build.0 = Debug|Any CPU
		{01B3B2AC-B49E-481D-913B-8455A5937C1E}.Release|Any CPU.ActiveCfg = Release|Any CPU
		{01B3B2AC-B49E-481D-913B-8455A5937C1E}.Release|Any CPU.Build.0 = Release|Any CPU
		{6351FEE5-D5F1-4955-93DE-8A070721A45B}.Debug|Any CPU.ActiveCfg = Debug|Any CPU
		{6351FEE5-D5F1-4955-93DE-8A070721A45B}.Debug|Any CPU.Build.0 = Debug|Any CPU
		{6351FEE5-D5F1-4955-93DE-8A070721A45B}.Release|Any CPU.ActiveCfg = Release|Any CPU
		{6351FEE5-D5F1-4955-93DE-8A070721A45B}.Release|Any CPU.Build.0 = Release|Any CPU
	EndGlobalSection
	GlobalSection(SolutionProperties) = preSolution
		HideSolutionNode = FALSE
	EndGlobalSection
	GlobalSection(ExtensibilityGlobals) = postSolution
		SolutionGuid = {D0C7EE62-CBFE-4530-AB07-CF3100817483}
	EndGlobalSection
EndGlobal
